
Microsoft Visual Studio Solution File, Format Version 12.00
# Visual Studio 15
Project("{FAE04EC0-301F-11D3-BF4B-00C04F79EFBC}") = "MVRK", "Assembly-CSharp.csproj", "{2F916B11-710E-39AA-E253-6D8E43F5A704}"
EndProject
Project("{FAE04EC0-301F-11D3-BF4B-00C04F79EFBC}") = "MVRK", "Assembly-CSharp-firstpass.csproj", "{CC316069-C7A4-F609-6909-8053C7C57542}"
EndProject
Project("{FAE04EC0-301F-11D3-BF4B-00C04F79EFBC}") = "MVRK", "Assembly-CSharp-Editor.csproj", "{C37991A0-5A1B-8753-1AAD-76A5D939ADC0}"
EndProject
Global
	GlobalSection(SolutionConfigurationPlatforms) = preSolution
		Debug|Any CPU = Debug|Any CPU
		Release|Any CPU = Release|Any CPU
	EndGlobalSection
	GlobalSection(ProjectConfigurationPlatforms) = postSolution
		{2F916B11-710E-39AA-E253-6D8E43F5A704}.Debug|Any CPU.ActiveCfg = Debug|Any CPU
		{2F916B11-710E-39AA-E253-6D8E43F5A704}.Debug|Any CPU.Build.0 = Debug|Any CPU
		{2F916B11-710E-39AA-E253-6D8E43F5A704}.Release|Any CPU.ActiveCfg = Release|Any CPU
		{2F916B11-710E-39AA-E253-6D8E43F5A704}.Release|Any CPU.Build.0 = Release|Any CPU
		{CC316069-C7A4-F609-6909-8053C7C57542}.Debug|Any CPU.ActiveCfg = Debug|Any CPU
		{CC316069-C7A4-F609-6909-8053C7C57542}.Debug|Any CPU.Build.0 = Debug|Any CPU
		{CC316069-C7A4-F609-6909-8053C7C57542}.Release|Any CPU.ActiveCfg = Release|Any CPU
		{CC316069-C7A4-F609-6909-8053C7C57542}.Release|Any CPU.Build.0 = Release|Any CPU
		{C37991A0-5A1B-8753-1AAD-76A5D939ADC0}.Debug|Any CPU.ActiveCfg = Debug|Any CPU
		{C37991A0-5A1B-8753-1AAD-76A5D939ADC0}.Debug|Any CPU.Build.0 = Debug|Any CPU
		{C37991A0-5A1B-8753-1AAD-76A5D939ADC0}.Release|Any CPU.ActiveCfg = Release|Any CPU
		{C37991A0-5A1B-8753-1AAD-76A5D939ADC0}.Release|Any CPU.Build.0 = Release|Any CPU
	EndGlobalSection
	GlobalSection(SolutionProperties) = preSolution
		HideSolutionNode = FALSE
	EndGlobalSection
EndGlobal
